
Microsoft Visual Studio Solution File, Format Version 12.00
# Visual Studio Version 17
VisualStudioVersion = 17.10.35004.147
MinimumVisualStudioVersion = 10.0.40219.1
Project("{FAE04EC0-301F-11D3-BF4B-00C04F79EFBC}") = "Zadanie13", "Zadanie13\Zadanie13.csproj", "{01FB9A76-4967-4BBF-A1C4-0C7397FBCA4F}"
EndProject
Global
	GlobalSection(SolutionConfigurationPlatforms) = preSolution
		Debug|Any CPU = Debug|Any CPU
		Release|Any CPU = Release|Any CPU
	EndGlobalSection
	GlobalSection(ProjectConfigurationPlatforms) = postSolution
		{01FB9A76-4967-4BBF-A1C4-0C7397FBCA4F}.Debug|Any CPU.ActiveCfg = Debug|Any CPU
		{01FB9A76-4967-4BBF-A1C4-0C7397FBCA4F}.Debug|Any CPU.Build.0 = Debug|Any CPU
		{01FB9A76-4967-4BBF-A1C4-0C7397FBCA4F}.Release|Any CPU.ActiveCfg = Release|Any CPU
		{01FB9A76-4967-4BBF-A1C4-0C7397FBCA4F}.Release|Any CPU.Build.0 = Release|Any CPU
	EndGlobalSection
	GlobalSection(SolutionProperties) = preSolution
		HideSolutionNode = FALSE
	EndGlobalSection
	GlobalSection(ExtensibilityGlobals) = postSolution
		SolutionGuid = {87B18659-36FD-4B6E-B4B8-B07B369DDE90}
	EndGlobalSection
EndGlobal
