
Microsoft Visual Studio Solution File, Format Version 12.00
# Visual Studio Version 17
VisualStudioVersion = 17.10.35004.147
MinimumVisualStudioVersion = 10.0.40219.1
Project("{FAE04EC0-301F-11D3-BF4B-00C04F79EFBC}") = "Zadanie12", "Zadanie12\Zadanie12.csproj", "{F773FA65-FA41-42EE-B6AA-3D9E0CCEA6E8}"
EndProject
Global
	GlobalSection(SolutionConfigurationPlatforms) = preSolution
		Debug|Any CPU = Debug|Any CPU
		Release|Any CPU = Release|Any CPU
	EndGlobalSection
	GlobalSection(ProjectConfigurationPlatforms) = postSolution
		{F773FA65-FA41-42EE-B6AA-3D9E0CCEA6E8}.Debug|Any CPU.ActiveCfg = Debug|Any CPU
		{F773FA65-FA41-42EE-B6AA-3D9E0CCEA6E8}.Debug|Any CPU.Build.0 = Debug|Any CPU
		{F773FA65-FA41-42EE-B6AA-3D9E0CCEA6E8}.Release|Any CPU.ActiveCfg = Release|Any CPU
		{F773FA65-FA41-42EE-B6AA-3D9E0CCEA6E8}.Release|Any CPU.Build.0 = Release|Any CPU
	EndGlobalSection
	GlobalSection(SolutionProperties) = preSolution
		HideSolutionNode = FALSE
	EndGlobalSection
	GlobalSection(ExtensibilityGlobals) = postSolution
		SolutionGuid = {8B976D7C-ECBA-432E-8F34-BDFAD446722F}
	EndGlobalSection
EndGlobal
